
Microsoft Visual Studio Solution File, Format Version 12.00
# Visual Studio Version 17
VisualStudioVersion = 17.4.33205.214
MinimumVisualStudioVersion = 10.0.40219.1
Project("{9A19103F-16F7-4668-BE54-9A1E7A4F7556}") = "HamburgerTown", "HamburgerTown\HamburgerTown.csproj", "{49234FA7-5381-4EBC-B474-3AA0E86CEF05}"
EndProject
Project("{2150E333-8FDC-42A3-9474-1A3956D46DE8}") = "Solution Items", "Solution Items", "{BBD6D5E1-56F3-41B2-82E3-61BE36B325BB}"
	ProjectSection(SolutionItems) = preProject
		README.md = README.md
	EndProjectSection
EndProject
Global
	GlobalSection(SolutionConfigurationPlatforms) = preSolution
		Debug|Any CPU = Debug|Any CPU
		Release|Any CPU = Release|Any CPU
	EndGlobalSection
	GlobalSection(ProjectConfigurationPlatforms) = postSolution
		{49234FA7-5381-4EBC-B474-3AA0E86CEF05}.Debug|Any CPU.ActiveCfg = Debug|Any CPU
		{49234FA7-5381-4EBC-B474-3AA0E86CEF05}.Debug|Any CPU.Build.0 = Debug|Any CPU
		{49234FA7-5381-4EBC-B474-3AA0E86CEF05}.Release|Any CPU.ActiveCfg = Release|Any CPU
		{49234FA7-5381-4EBC-B474-3AA0E86CEF05}.Release|Any CPU.Build.0 = Release|Any CPU
	EndGlobalSection
	GlobalSection(SolutionProperties) = preSolution
		HideSolutionNode = FALSE
	EndGlobalSection
	GlobalSection(ExtensibilityGlobals) = postSolution
		SolutionGuid = {D649F380-B1E8-4459-872E-609FC7DDF2B4}
	EndGlobalSection
EndGlobal
